// !$*UTF8*$!
{
	archiveVersion = 1;
	classes = {
	};
	objectVersion = 55;
	objects = {

/* Begin PBXBuildFile section */
		37EE877A2882C43700ED5F0D /* AppDelegate.swift in Sources */ = {isa = PBXBuildFile; fileRef = 37EE87792882C43700ED5F0D /* AppDelegate.swift */; };
		37EE877C2882C43700ED5F0D /* SceneDelegate.swift in Sources */ = {isa = PBXBuildFile; fileRef = 37EE877B2882C43700ED5F0D /* SceneDelegate.swift */; };
		37EE877E2882C43700ED5F0D /* ViewController.swift in Sources */ = {isa = PBXBuildFile; fileRef = 37EE877D2882C43700ED5F0D /* ViewController.swift */; };
		37EE87812882C43700ED5F0D /* Main.storyboard in Resources */ = {isa = PBXBuildFile; fileRef = 37EE877F2882C43700ED5F0D /* Main.storyboard */; };
		37EE87832882C43E00ED5F0D /* Assets.xcassets in Resources */ = {isa = PBXBuildFile; fileRef = 37EE87822882C43E00ED5F0D /* Assets.xcassets */; };
		37EE87862882C43E00ED5F0D /* LaunchScreen.storyboard in Resources */ = {isa = PBXBuildFile; fileRef = 37EE87842882C43E00ED5F0D /* LaunchScreen.storyboard */; };
		37EE87912882C43E00ED5F0D /* NewsAppTests.swift in Sources */ = {isa = PBXBuildFile; fileRef = 37EE87902882C43E00ED5F0D /* NewsAppTests.swift */; };
		37EE879B2882C43E00ED5F0D /* NewsAppUITests.swift in Sources */ = {isa = PBXBuildFile; fileRef = 37EE879A2882C43E00ED5F0D /* NewsAppUITests.swift */; };
		37EE879D2882C43E00ED5F0D /* NewsAppUITestsLaunchTests.swift in Sources */ = {isa = PBXBuildFile; fileRef = 37EE879C2882C43E00ED5F0D /* NewsAppUITestsLaunchTests.swift */; };
		37EE87AA2882C89B00ED5F0D /* ApiCaller.swift in Sources */ = {isa = PBXBuildFile; fileRef = 37EE87A92882C89B00ED5F0D /* ApiCaller.swift */; };
		37EE87AC2882DBC600ED5F0D /* NewsTableViewCell.swift in Sources */ = {isa = PBXBuildFile; fileRef = 37EE87AB2882DBC600ED5F0D /* NewsTableViewCell.swift */; };
/* End PBXBuildFile section */

/* Begin PBXContainerItemProxy section */
		37EE878D2882C43E00ED5F0D /* PBXContainerItemProxy */ = {
			isa = PBXContainerItemProxy;
			containerPortal = 37EE876E2882C43700ED5F0D /* Project object */;
			proxyType = 1;
			remoteGlobalIDString = 37EE87752882C43700ED5F0D;
			remoteInfo = NewsApp;
		};
		37EE87972882C43E00ED5F0D /* PBXContainerItemProxy */ = {
			isa = PBXContainerItemProxy;
			containerPortal = 37EE876E2882C43700ED5F0D /* Project object */;
			proxyType = 1;
			remoteGlobalIDString = 37EE87752882C43700ED5F0D;
			remoteInfo = NewsApp;
		};
/* End PBXContainerItemProxy section */

/* Begin PBXFileReference section */
		37EE87762882C43700ED5F0D /* NewsApp.app */ = {isa = PBXFileReference; explicitFileType = wrapper.application; includeInIndex = 0; path = NewsApp.app; sourceTree = BUILT_PRODUCTS_DIR; };
		37EE87792882C43700ED5F0D /* AppDelegate.swift */ = {isa = PBXFileReference; lastKnownFileType = sourcecode.swift; path = AppDelegate.swift; sourceTree = "<group>"; };
		37EE877B2882C43700ED5F0D /* SceneDelegate.swift */ = {isa = PBXFileReference; lastKnownFileType = sourcecode.swift; path = SceneDelegate.swift; sourceTree = "<group>"; };
		37EE877D2882C43700ED5F0D /* ViewController.swift */ = {isa = PBXFileReference; lastKnownFileType = sourcecode.swift; path = ViewController.swift; sourceTree = "<group>"; };
		37EE87802882C43700ED5F0D /* Base */ = {isa = PBXFileReference; lastKnownFileType = file.storyboard; name = Base; path = Base.lproj/Main.storyboard; sourceTree = "<group>"; };
		37EE87822882C43E00ED5F0D /* Assets.xcassets */ = {isa = PBXFileReference; lastKnownFileType = folder.assetcatalog; path = Assets.xcassets; sourceTree = "<group>"; };
		37EE87852882C43E00ED5F0D /* Base */ = {isa = PBXFileReference; lastKnownFileType = file.storyboard; name = Base; path = Base.lproj/LaunchScreen.storyboard; sourceTree = "<group>"; };
		37EE87872882C43E00ED5F0D /* Info.plist */ = {isa = PBXFileReference; lastKnownFileType = text.plist.xml; path = Info.plist; sourceTree = "<group>"; };
		37EE878C2882C43E00ED5F0D /* NewsAppTests.xctest */ = {isa = PBXFileReference; explicitFileType = wrapper.cfbundle; includeInIndex = 0; path = NewsAppTests.xctest; sourceTree = BUILT_PRODUCTS_DIR; };
		37EE87902882C43E00ED5F0D /* NewsAppTests.swift */ = {isa = PBXFileReference; lastKnownFileType = sourcecode.swift; path = NewsAppTests.swift; sourceTree = "<group>"; };
		37EE87962882C43E00ED5F0D /* NewsAppUITests.xctest */ = {isa = PBXFileReference; explicitFileType = wrapper.cfbundle; includeInIndex = 0; path = NewsAppUITests.xctest; sourceTree = BUILT_PRODUCTS_DIR; };
		37EE879A2882C43E00ED5F0D /* NewsAppUITests.swift */ = {isa = PBXFileReference; lastKnownFileType = sourcecode.swift; path = NewsAppUITests.swift; sourceTree = "<group>"; };
		37EE879C2882C43E00ED5F0D /* NewsAppUITestsLaunchTests.swift */ = {isa = PBXFileReference; lastKnownFileType = sourcecode.swift; path = NewsAppUITestsLaunchTests.swift; sourceTree = "<group>"; };
		37EE87A92882C89B00ED5F0D /* ApiCaller.swift */ = {isa = PBXFileReference; lastKnownFileType = sourcecode.swift; path = ApiCaller.swift; sourceTree = "<group>"; };
		37EE87AB2882DBC600ED5F0D /* NewsTableViewCell.swift */ = {isa = PBXFileReference; lastKnownFileType = sourcecode.swift; path = NewsTableViewCell.swift; sourceTree = "<group>"; };
/* End PBXFileReference section */

/* Begin PBXFrameworksBuildPhase section */
		37EE87732882C43700ED5F0D /* Frameworks */ = {
			isa = PBXFrameworksBuildPhase;
			buildActionMask = 2147483647;
			files = (
			);
			runOnlyForDeploymentPostprocessing = 0;
		};
		37EE87892882C43E00ED5F0D /* Frameworks */ = {
			isa = PBXFrameworksBuildPhase;
			buildActionMask = 2147483647;
			files = (
			);
			runOnlyForDeploymentPostprocessing = 0;
		};
		37EE87932882C43E00ED5F0D /* Frameworks */ = {
			isa = PBXFrameworksBuildPhase;
			buildActionMask = 2147483647;
			files = (
			);
			runOnlyForDeploymentPostprocessing = 0;
		};
/* End PBXFrameworksBuildPhase section */

/* Begin PBXGroup section */
		37EE876D2882C43700ED5F0D = {
			isa = PBXGroup;
			children = (
				37EE87782882C43700ED5F0D /* NewsApp */,
				37EE878F2882C43E00ED5F0D /* NewsAppTests */,
				37EE87992882C43E00ED5F0D /* NewsAppUITests */,
				37EE87772882C43700ED5F0D /* Products */,
			);
			sourceTree = "<group>";
		};
		37EE87772882C43700ED5F0D /* Products */ = {
			isa = PBXGroup;
			children = (
				37EE87762882C43700ED5F0D /* NewsApp.app */,
				37EE878C2882C43E00ED5F0D /* NewsAppTests.xctest */,
				37EE87962882C43E00ED5F0D /* NewsAppUITests.xctest */,
			);
			name = Products;
			sourceTree = "<group>";
		};
		37EE87782882C43700ED5F0D /* NewsApp */ = {
			isa = PBXGroup;
			children = (
				37EE87792882C43700ED5F0D /* AppDelegate.swift */,
				37EE877B2882C43700ED5F0D /* SceneDelegate.swift */,
				37EE877D2882C43700ED5F0D /* ViewController.swift */,
				37EE877F2882C43700ED5F0D /* Main.storyboard */,
				37EE87822882C43E00ED5F0D /* Assets.xcassets */,
				37EE87842882C43E00ED5F0D /* LaunchScreen.storyboard */,
				37EE87872882C43E00ED5F0D /* Info.plist */,
				37EE87A92882C89B00ED5F0D /* ApiCaller.swift */,
				37EE87AB2882DBC600ED5F0D /* NewsTableViewCell.swift */,
			);
			path = NewsApp;
			sourceTree = "<group>";
		};
		37EE878F2882C43E00ED5F0D /* NewsAppTests */ = {
			isa = PBXGroup;
			children = (
				37EE87902882C43E00ED5F0D /* NewsAppTests.swift */,
			);
			path = NewsAppTests;
			sourceTree = "<group>";
		};
		37EE87992882C43E00ED5F0D /* NewsAppUITests */ = {
			isa = PBXGroup;
			children = (
				37EE879A2882C43E00ED5F0D /* NewsAppUITests.swift */,
				37EE879C2882C43E00ED5F0D /* NewsAppUITestsLaunchTests.swift */,
			);
			path = NewsAppUITests;
			sourceTree = "<group>";
		};
/* End PBXGroup section */

/* Begin PBXNativeTarget section */
		37EE87752882C43700ED5F0D /* NewsApp */ = {
			isa = PBXNativeTarget;
			buildConfigurationList = 37EE87A02882C43E00ED5F0D /* Build configuration list for PBXNativeTarget "NewsApp" */;
			buildPhases = (
				37EE87722882C43700ED5F0D /* Sources */,
				37EE87732882C43700ED5F0D /* Frameworks */,
				37EE87742882C43700ED5F0D /* Resources */,
			);
			buildRules = (
			);
			dependencies = (
			);
			name = NewsApp;
			productName = NewsApp;
			productReference = 37EE87762882C43700ED5F0D /* NewsApp.app */;
			productType = "com.apple.product-type.application";
		};
		37EE878B2882C43E00ED5F0D /* NewsAppTests */ = {
			isa = PBXNativeTarget;
			buildConfigurationList = 37EE87A32882C43E00ED5F0D /* Build configuration list for PBXNativeTarget "NewsAppTests" */;
			buildPhases = (
				37EE87882882C43E00ED5F0D /* Sources */,
				37EE87892882C43E00ED5F0D /* Frameworks */,
				37EE878A2882C43E00ED5F0D /* Resources */,
			);
			buildRules = (
			);
			dependencies = (
				37EE878E2882C43E00ED5F0D /* PBXTargetDependency */,
			);
			name = NewsAppTests;
			productName = NewsAppTests;
			productReference = 37EE878C2882C43E00ED5F0D /* NewsAppTests.xctest */;
			productType = "com.apple.product-type.bundle.unit-test";
		};
		37EE87952882C43E00ED5F0D /* NewsAppUITests */ = {
			isa = PBXNativeTarget;
			buildConfigurationList = 37EE87A62882C43E00ED5F0D /* Build configuration list for PBXNativeTarget "NewsAppUITests" */;
			buildPhases = (
				37EE87922882C43E00ED5F0D /* Sources */,
				37EE87932882C43E00ED5F0D /* Frameworks */,
				37EE87942882C43E00ED5F0D /* Resources */,
			);
			buildRules = (
			);
			dependencies = (
				37EE87982882C43E00ED5F0D /* PBXTargetDependency */,
			);
			name = NewsAppUITests;
			productName = NewsAppUITests;
			productReference = 37EE87962882C43E00ED5F0D /* NewsAppUITests.xctest */;
			productType = "com.apple.product-type.bundle.ui-testing";
		};
/* End PBXNativeTarget section */

/* Begin PBXProject section */
		37EE876E2882C43700ED5F0D /* Project object */ = {
			isa = PBXProject;
			attributes = {
				BuildIndependentTargetsInParallel = 1;
				LastSwiftUpdateCheck = 1340;
				LastUpgradeCheck = 1340;
				TargetAttributes = {
					37EE87752882C43700ED5F0D = {
						CreatedOnToolsVersion = 13.4;
					};
					37EE878B2882C43E00ED5F0D = {
						CreatedOnToolsVersion = 13.4;
						TestTargetID = 37EE87752882C43700ED5F0D;
					};
					37EE87952882C43E00ED5F0D = {
						CreatedOnToolsVersion = 13.4;
						TestTargetID = 37EE87752882C43700ED5F0D;
					};
				};
			};
			buildConfigurationList = 37EE87712882C43700ED5F0D /* Build configuration list for PBXProject "NewsApp" */;
			compatibilityVersion = "Xcode 13.0";
			developmentRegion = en;
			hasScannedForEncodings = 0;
			knownRegions = (
				en,
				Base,
			);
			mainGroup = 37EE876D2882C43700ED5F0D;
			productRefGroup = 37EE87772882C43700ED5F0D /* Products */;
			projectDirPath = "";
			projectRoot = "";
			targets = (
				37EE87752882C43700ED5F0D /* NewsApp */,
				37EE878B2882C43E00ED5F0D /* NewsAppTests */,
				37EE87952882C43E00ED5F0D /* NewsAppUITests */,
			);
		};
/* End PBXProject section */

/* Begin PBXResourcesBuildPhase section */
		37EE87742882C43700ED5F0D /* Resources */ = {
			isa = PBXResourcesBuildPhase;
			buildActionMask = 2147483647;
			files = (
				37EE87862882C43E00ED5F0D /* LaunchScreen.storyboard in Resources */,
				37EE87832882C43E00ED5F0D /* Assets.xcassets in Resources */,
				37EE87812882C43700ED5F0D /* Main.storyboard in Resources */,
			);
			runOnlyForDeploymentPostprocessing = 0;
		};
		37EE878A2882C43E00ED5F0D /* Resources */ = {
			isa = PBXResourcesBuildPhase;
			buildActionMask = 2147483647;
			files = (
			);
			runOnlyForDeploymentPostprocessing = 0;
		};
		37EE87942882C43E00ED5F0D /* Resources */ = {
			isa = PBXResourcesBuildPhase;
			buildActionMask = 2147483647;
			files = (
			);
			runOnlyForDeploymentPostprocessing = 0;
		};
/* End PBXResourcesBuildPhase section */

/* Begin PBXSourcesBuildPhase section */
		37EE87722882C43700ED5F0D /* Sources */ = {
			isa = PBXSourcesBuildPhase;
			buildActionMask = 2147483647;
			files = (
				37EE877E2882C43700ED5F0D /* ViewController.swift in Sources */,
				37EE877A2882C43700ED5F0D /* AppDelegate.swift in Sources */,
				37EE87AC2882DBC600ED5F0D /* NewsTableViewCell.swift in Sources */,
				37EE877C2882C43700ED5F0D /* SceneDelegate.swift in Sources */,
				37EE87AA2882C89B00ED5F0D /* ApiCaller.swift in Sources */,
			);
			runOnlyForDeploymentPostprocessing = 0;
		};
		37EE87882882C43E00ED5F0D /* Sources */ = {
			isa = PBXSourcesBuildPhase;
			buildActionMask = 2147483647;
			files = (
				37EE87912882C43E00ED5F0D /* NewsAppTests.swift in Sources */,
			);
			runOnlyForDeploymentPostprocessing = 0;
		};
		37EE87922882C43E00ED5F0D /* Sources */ = {
			isa = PBXSourcesBuildPhase;
			buildActionMask = 2147483647;
			files = (
				37EE879B2882C43E00ED5F0D /* NewsAppUITests.swift in Sources */,
				37EE879D2882C43E00ED5F0D /* NewsAppUITestsLaunchTests.swift in Sources */,
			);
			runOnlyForDeploymentPostprocessing = 0;
		};
/* End PBXSourcesBuildPhase section */

/* Begin PBXTargetDependency section */
		37EE878E2882C43E00ED5F0D /* PBXTargetDependency */ = {
			isa = PBXTargetDependency;
			target = 37EE87752882C43700ED5F0D /* NewsApp */;
			targetProxy = 37EE878D2882C43E00ED5F0D /* PBXContainerItemProxy */;
		};
		37EE87982882C43E00ED5F0D /* PBXTargetDependency */ = {
			isa = PBXTargetDependency;
			target = 37EE87752882C43700ED5F0D /* NewsApp */;
			targetProxy = 37EE87972882C43E00ED5F0D /* PBXContainerItemProxy */;
		};
/* End PBXTargetDependency section */

/* Begin PBXVariantGroup section */
		37EE877F2882C43700ED5F0D /* Main.storyboard */ = {
			isa = PBXVariantGroup;
			children = (
				37EE87802882C43700ED5F0D /* Base */,
			);
			name = Main.storyboard;
			sourceTree = "<group>";
		};
		37EE87842882C43E00ED5F0D /* LaunchScreen.storyboard */ = {
			isa = PBXVariantGroup;
			children = (
				37EE87852882C43E00ED5F0D /* Base */,
			);
			name = LaunchScreen.storyboard;
			sourceTree = "<group>";
		};
/* End PBXVariantGroup section */

/* Begin XCBuildConfiguration section */
		37EE879E2882C43E00ED5F0D /* Debug */ = {
			isa = XCBuildConfiguration;
			buildSettings = {
				ALWAYS_SEARCH_USER_PATHS = NO;
				CLANG_ANALYZER_NONNULL = YES;
				CLANG_ANALYZER_NUMBER_OBJECT_CONVERSION = YES_AGGRESSIVE;
				CLANG_CXX_LANGUAGE_STANDARD = "gnu++17";
				CLANG_ENABLE_MODULES = YES;
				CLANG_ENABLE_OBJC_ARC = YES;
				CLANG_ENABLE_OBJC_WEAK = YES;
				CLANG_WARN_BLOCK_CAPTURE_AUTORELEASING = YES;
				CLANG_WARN_BOOL_CONVERSION = YES;
				CLANG_WARN_COMMA = YES;
				CLANG_WARN_CONSTANT_CONVERSION = YES;
				CLANG_WARN_DEPRECATED_OBJC_IMPLEMENTATIONS = YES;
				CLANG_WARN_DIRECT_OBJC_ISA_USAGE = YES_ERROR;
				CLANG_WARN_DOCUMENTATION_COMMENTS = YES;
				CLANG_WARN_EMPTY_BODY = YES;
				CLANG_WARN_ENUM_CONVERSION = YES;
				CLANG_WARN_INFINITE_RECURSION = YES;
				CLANG_WARN_INT_CONVERSION = YES;
				CLANG_WARN_NON_LITERAL_NULL_CONVERSION = YES;
				CLANG_WARN_OBJC_IMPLICIT_RETAIN_SELF = YES;
				CLANG_WARN_OBJC_LITERAL_CONVERSION = YES;
				CLANG_WARN_OBJC_ROOT_CLASS = YES_ERROR;
				CLANG_WARN_QUOTED_INCLUDE_IN_FRAMEWORK_HEADER = YES;
				CLANG_WARN_RANGE_LOOP_ANALYSIS = YES;
				CLANG_WARN_STRICT_PROTOTYPES = YES;
				CLANG_WARN_SUSPICIOUS_MOVE = YES;
				CLANG_WARN_UNGUARDED_AVAILABILITY = YES_AGGRESSIVE;
				CLANG_WARN_UNREACHABLE_CODE = YES;
				CLANG_WARN__DUPLICATE_METHOD_MATCH = YES;
				COPY_PHASE_STRIP = NO;
				DEBUG_INFORMATION_FORMAT = dwarf;
				ENABLE_STRICT_OBJC_MSGSEND = YES;
				ENABLE_TESTABILITY = YES;
				GCC_C_LANGUAGE_STANDARD = gnu11;
				GCC_DYNAMIC_NO_PIC = NO;
				GCC_NO_COMMON_BLOCKS = YES;
				GCC_OPTIMIZATION_LEVEL = 0;
				GCC_PREPROCESSOR_DEFINITIONS = (
					"DEBUG=1",
					"$(inherited)",
				);
				GCC_WARN_64_TO_32_BIT_CONVERSION = YES;
				GCC_WARN_ABOUT_RETURN_TYPE = YES_ERROR;
				GCC_WARN_UNDECLARED_SELECTOR = YES;
				GCC_WARN_UNINITIALIZED_AUTOS = YES_AGGRESSIVE;
				GCC_WARN_UNUSED_FUNCTION = YES;
				GCC_WARN_UNUSED_VARIABLE = YES;
				IPHONEOS_DEPLOYMENT_TARGET = 15.5;
				MTL_ENABLE_DEBUG_INFO = INCLUDE_SOURCE;
				MTL_FAST_MATH = YES;
				ONLY_ACTIVE_ARCH = YES;
				SDKROOT = iphoneos;
				SWIFT_ACTIVE_COMPILATION_CONDITIONS = DEBUG;
				SWIFT_OPTIMIZATION_LEVEL = "-Onone";
			};
			name = Debug;
		};
		37EE879F2882C43E00ED5F0D /* Release */ = {
			isa = XCBuildConfiguration;
			buildSettings = {
				ALWAYS_SEARCH_USER_PATHS = NO;
				CLANG_ANALYZER_NONNULL = YES;
				CLANG_ANALYZER_NUMBER_OBJECT_CONVERSION = YES_AGGRESSIVE;
				CLANG_CXX_LANGUAGE_STANDARD = "gnu++17";
				CLANG_ENABLE_MODULES = YES;
				CLANG_ENABLE_OBJC_ARC = YES;
				CLANG_ENABLE_OBJC_WEAK = YES;
				CLANG_WARN_BLOCK_CAPTURE_AUTORELEASING = YES;
				CLANG_WARN_BOOL_CONVERSION = YES;
				CLANG_WARN_COMMA = YES;
				CLANG_WARN_CONSTANT_CONVERSION = YES;
				CLANG_WARN_DEPRECATED_OBJC_IMPLEMENTATIONS = YES;
				CLANG_WARN_DIRECT_OBJC_ISA_USAGE = YES_ERROR;
				CLANG_WARN_DOCUMENTATION_COMMENTS = YES;
				CLANG_WARN_EMPTY_BODY = YES;
				CLANG_WARN_ENUM_CONVERSION = YES;
				CLANG_WARN_INFINITE_RECURSION = YES;
				CLANG_WARN_INT_CONVERSION = YES;
				CLANG_WARN_NON_LITERAL_NULL_CONVERSION = YES;
				CLANG_WARN_OBJC_IMPLICIT_RETAIN_SELF = YES;
				CLANG_WARN_OBJC_LITERAL_CONVERSION = YES;
				CLANG_WARN_OBJC_ROOT_CLASS = YES_ERROR;
				CLANG_WARN_QUOTED_INCLUDE_IN_FRAMEWORK_HEADER = YES;
				CLANG_WARN_RANGE_LOOP_ANALYSIS = YES;
				CLANG_WARN_STRICT_PROTOTYPES = YES;
				CLANG_WARN_SUSPICIOUS_MOVE = YES;
				CLANG_WARN_UNGUARDED_AVAILABILITY = YES_AGGRESSIVE;
				CLANG_WARN_UNREACHABLE_CODE = YES;
				CLANG_WARN__DUPLICATE_METHOD_MATCH = YES;
				COPY_PHASE_STRIP = NO;
				DEBUG_INFORMATION_FORMAT = "dwarf-with-dsym";
				ENABLE_NS_ASSERTIONS = NO;
				ENABLE_STRICT_OBJC_MSGSEND = YES;
				GCC_C_LANGUAGE_STANDARD = gnu11;
				GCC_NO_COMMON_BLOCKS = YES;
				GCC_WARN_64_TO_32_BIT_CONVERSION = YES;
				GCC_WARN_ABOUT_RETURN_TYPE = YES_ERROR;
				GCC_WARN_UNDECLARED_SELECTOR = YES;
				GCC_WARN_UNINITIALIZED_AUTOS = YES_AGGRESSIVE;
				GCC_WARN_UNUSED_FUNCTION = YES;
				GCC_WARN_UNUSED_VARIABLE = YES;
				IPHONEOS_DEPLOYMENT_TARGET = 15.5;
				MTL_ENABLE_DEBUG_INFO = NO;
				MTL_FAST_MATH = YES;
				SDKROOT = iphoneos;
				SWIFT_COMPILATION_MODE = wholemodule;
				SWIFT_OPTIMIZATION_LEVEL = "-O";
				VALIDATE_PRODUCT = YES;
			};
			name = Release;
		};
		37EE87A12882C43E00ED5F0D /* Debug */ = {
			isa = XCBuildConfiguration;
			buildSettings = {
				ASSETCATALOG_COMPILER_APPICON_NAME = AppIcon;
				ASSETCATALOG_COMPILER_GLOBAL_ACCENT_COLOR_NAME = AccentColor;
				CODE_SIGN_STYLE = Automatic;
				CURRENT_PROJECT_VERSION = 1;
				DEVELOPMENT_TEAM = A72WB7PALN;
				GENERATE_INFOPLIST_FILE = YES;
				INFOPLIST_FILE = NewsApp/Info.plist;
				INFOPLIST_KEY_UIApplicationSupportsIndirectInputEvents = YES;
				INFOPLIST_KEY_UILaunchStoryboardName = LaunchScreen;
				INFOPLIST_KEY_UIMainStoryboardFile = Main;
				INFOPLIST_KEY_UISupportedInterfaceOrientations_iPad = "UIInterfaceOrientationPortrait UIInterfaceOrientationPortraitUpsideDown UIInterfaceOrientationLandscapeLeft UIInterfaceOrientationLandscapeRight";
				INFOPLIST_KEY_UISupportedInterfaceOrientations_iPhone = "UIInterfaceOrientationPortrait UIInterfaceOrientationLandscapeLeft UIInterfaceOrientationLandscapeRight";
				LD_RUNPATH_SEARCH_PATHS = (
					"$(inherited)",
					"@executable_path/Frameworks",
				);
				MARKETING_VERSION = 1.0;
				PRODUCT_BUNDLE_IDENTIFIER = com.evansabohi.NewsApp;
				PRODUCT_NAME = "$(TARGET_NAME)";
				SWIFT_EMIT_LOC_STRINGS = YES;
				SWIFT_VERSION = 5.0;
				TARGETED_DEVICE_FAMILY = "1,2";
			};
			name = Debug;
		};
		37EE87A22882C43E00ED5F0D /* Release */ = {
			isa = XCBuildConfiguration;
			buildSettings = {
				ASSETCATALOG_COMPILER_APPICON_NAME = AppIcon;
				ASSETCATALOG_COMPILER_GLOBAL_ACCENT_COLOR_NAME = AccentColor;
				CODE_SIGN_STYLE = Automatic;
				CURRENT_PROJECT_VERSION = 1;
				DEVELOPMENT_TEAM = A72WB7PALN;
				GENERATE_INFOPLIST_FILE = YES;
				INFOPLIST_FILE = NewsApp/Info.plist;
				INFOPLIST_KEY_UIApplicationSupportsIndirectInputEvents = YES;
				INFOPLIST_KEY_UILaunchStoryboardName = LaunchScreen;
				INFOPLIST_KEY_UIMainStoryboardFile = Main;
				INFOPLIST_KEY_UISupportedInterfaceOrientations_iPad = "UIInterfaceOrientationPortrait UIInterfaceOrientationPortraitUpsideDown UIInterfaceOrientationLandscapeLeft UIInterfaceOrientationLandscapeRight";
				INFOPLIST_KEY_UISupportedInterfaceOrientations_iPhone = "UIInterfaceOrientationPortrait UIInterfaceOrientationLandscapeLeft UIInterfaceOrientationLandscapeRight";
				LD_RUNPATH_SEARCH_PATHS = (
					"$(inherited)",
					"@executable_path/Frameworks",
				);
				MARKETING_VERSION = 1.0;
				PRODUCT_BUNDLE_IDENTIFIER = com.evansabohi.NewsApp;
				PRODUCT_NAME = "$(TARGET_NAME)";
				SWIFT_EMIT_LOC_STRINGS = YES;
				SWIFT_VERSION = 5.0;
				TARGETED_DEVICE_FAMILY = "1,2";
			};
			name = Release;
		};
		37EE87A42882C43E00ED5F0D /* Debug */ = {
			isa = XCBuildConfiguration;
			buildSettings = {
				ALWAYS_EMBED_SWIFT_STANDARD_LIBRARIES = YES;
				BUNDLE_LOADER = "$(TEST_HOST)";
				CODE_SIGN_STYLE = Automatic;
				CURRENT_PROJECT_VERSION = 1;
				DEVELOPMENT_TEAM = A72WB7PALN;
				GENERATE_INFOPLIST_FILE = YES;
				IPHONEOS_DEPLOYMENT_TARGET = 15.5;
				MARKETING_VERSION = 1.0;
				PRODUCT_BUNDLE_IDENTIFIER = com.evansabohi.NewsAppTests;
				PRODUCT_NAME = "$(TARGET_NAME)";
				SWIFT_EMIT_LOC_STRINGS = NO;
				SWIFT_VERSION = 5.0;
				TARGETED_DEVICE_FAMILY = "1,2";
				TEST_HOST = "$(BUILT_PRODUCTS_DIR)/NewsApp.app/NewsApp";
			};
			name = Debug;
		};
		37EE87A52882C43E00ED5F0D /* Release */ = {
			isa = XCBuildConfiguration;
			buildSettings = {
				ALWAYS_EMBED_SWIFT_STANDARD_LIBRARIES = YES;
				BUNDLE_LOADER = "$(TEST_HOST)";
				CODE_SIGN_STYLE = Automatic;
				CURRENT_PROJECT_VERSION = 1;
				DEVELOPMENT_TEAM = A72WB7PALN;
				GENERATE_INFOPLIST_FILE = YES;
				IPHONEOS_DEPLOYMENT_TARGET = 15.5;
				MARKETING_VERSION = 1.0;
				PRODUCT_BUNDLE_IDENTIFIER = com.evansabohi.NewsAppTests;
				PRODUCT_NAME = "$(TARGET_NAME)";
				SWIFT_EMIT_LOC_STRINGS = NO;
				SWIFT_VERSION = 5.0;
				TARGETED_DEVICE_FAMILY = "1,2";
				TEST_HOST = "$(BUILT_PRODUCTS_DIR)/NewsApp.app/NewsApp";
			};
			name = Release;
		};
		37EE87A72882C43E00ED5F0D /* Debug */ = {
			isa = XCBuildConfiguration;
			buildSettings = {
				ALWAYS_EMBED_SWIFT_STANDARD_LIBRARIES = YES;
				CODE_SIGN_STYLE = Automatic;
				CURRENT_PROJECT_VERSION = 1;
				DEVELOPMENT_TEAM = A72WB7PALN;
				GENERATE_INFOPLIST_FILE = YES;
				MARKETING_VERSION = 1.0;
				PRODUCT_BUNDLE_IDENTIFIER = com.evansabohi.NewsAppUITests;
				PRODUCT_NAME = "$(TARGET_NAME)";
				SWIFT_EMIT_LOC_STRINGS = NO;
				SWIFT_VERSION = 5.0;
				TARGETED_DEVICE_FAMILY = "1,2";
				TEST_TARGET_NAME = NewsApp;
			};
			name = Debug;
		};
		37EE87A82882C43E00ED5F0D /* Release */ = {
			isa = XCBuildConfiguration;
			buildSettings = {
				ALWAYS_EMBED_SWIFT_STANDARD_LIBRARIES = YES;
				CODE_SIGN_STYLE = Automatic;
				CURRENT_PROJECT_VERSION = 1;
				DEVELOPMENT_TEAM = A72WB7PALN;
				GENERATE_INFOPLIST_FILE = YES;
				MARKETING_VERSION = 1.0;
				PRODUCT_BUNDLE_IDENTIFIER = com.evansabohi.NewsAppUITests;
				PRODUCT_NAME = "$(TARGET_NAME)";
				SWIFT_EMIT_LOC_STRINGS = NO;
				SWIFT_VERSION = 5.0;
				TARGETED_DEVICE_FAMILY = "1,2";
				TEST_TARGET_NAME = NewsApp;
			};
			name = Release;
		};
/* End XCBuildConfiguration section */

/* Begin XCConfigurationList section */
		37EE87712882C43700ED5F0D /* Build configuration list for PBXProject "NewsApp" */ = {
			isa = XCConfigurationList;
			buildConfigurations = (
				37EE879E2882C43E00ED5F0D /* Debug */,
				37EE879F2882C43E00ED5F0D /* Release */,
			);
			defaultConfigurationIsVisible = 0;
			defaultConfigurationName = Release;
		};
		37EE87A02882C43E00ED5F0D /* Build configuration list for PBXNativeTarget "NewsApp" */ = {
			isa = XCConfigurationList;
			buildConfigurations = (
				37EE87A12882C43E00ED5F0D /* Debug */,
				37EE87A22882C43E00ED5F0D /* Release */,
			);
			defaultConfigurationIsVisible = 0;
			defaultConfigurationName = Release;
		};
		37EE87A32882C43E00ED5F0D /* Build configuration list for PBXNativeTarget "NewsAppTests" */ = {
			isa = XCConfigurationList;
			buildConfigurations = (
				37EE87A42882C43E00ED5F0D /* Debug */,
				37EE87A52882C43E00ED5F0D /* Release */,
			);
			defaultConfigurationIsVisible = 0;
			defaultConfigurationName = Release;
		};
		37EE87A62882C43E00ED5F0D /* Build configuration list for PBXNativeTarget "NewsAppUITests" */ = {
			isa = XCConfigurationList;
			buildConfigurations = (
				37EE87A72882C43E00ED5F0D /* Debug */,
				37EE87A82882C43E00ED5F0D /* Release */,
			);
			defaultConfigurationIsVisible = 0;
			defaultConfigurationName = Release;
		};
/* End XCConfigurationList section */
	};
	rootObject = 37EE876E2882C43700ED5F0D /* Project object */;
}
